{
  "name": "st_durbin",
  "lockfileVersion": 3,
  "requires": true,
  "packages": {
    "": {
      "dependencies": {
        "@polkadot-api/descriptors": "^0.0.1"
      }
    },
    "node_modules/@polkadot-api/descriptors": {
      "version": "0.0.1",
      "resolved": "https://registry.npmjs.org/@polkadot-api/descriptors/-/descriptors-0.0.1.tgz",
      "integrity": "sha512-p9esC+idLWlaeLy2V0z3x45xwRdAcNdiUSEeJaDDw6LJxj/WiyIOuhm3ki6gzl4oOZ0wAMuay3zhpVBDFgSEeQ==",
      "license": "MIT"
    }
  }
}
